
Microsoft Visual Studio Solution File, Format Version 12.00
# Visual Studio Version 17
VisualStudioVersion = 17.10.34928.147
MinimumVisualStudioVersion = 10.0.40219.1
Project("{FAE04EC0-301F-11D3-BF4B-00C04F79EFBC}") = "stivo tugas vispro data base", "stivo tugas vispro data base\stivo tugas vispro data base.csproj", "{F598C90D-2836-47DD-B69C-40342D43E4D3}"
EndProject
Project("{FAE04EC0-301F-11D3-BF4B-00C04F79EFBC}") = "FormBaru", "FormBaru\FormBaru.csproj", "{2CDAB4F0-FC6E-429A-8431-783C30BE05B6}"
EndProject
Global
	GlobalSection(SolutionConfigurationPlatforms) = preSolution
		Debug|Any CPU = Debug|Any CPU
		Release|Any CPU = Release|Any CPU
	EndGlobalSection
	GlobalSection(ProjectConfigurationPlatforms) = postSolution
		{F598C90D-2836-47DD-B69C-40342D43E4D3}.Debug|Any CPU.ActiveCfg = Debug|Any CPU
		{F598C90D-2836-47DD-B69C-40342D43E4D3}.Debug|Any CPU.Build.0 = Debug|Any CPU
		{F598C90D-2836-47DD-B69C-40342D43E4D3}.Release|Any CPU.ActiveCfg = Release|Any CPU
		{F598C90D-2836-47DD-B69C-40342D43E4D3}.Release|Any CPU.Build.0 = Release|Any CPU
		{2CDAB4F0-FC6E-429A-8431-783C30BE05B6}.Debug|Any CPU.ActiveCfg = Debug|Any CPU
		{2CDAB4F0-FC6E-429A-8431-783C30BE05B6}.Debug|Any CPU.Build.0 = Debug|Any CPU
		{2CDAB4F0-FC6E-429A-8431-783C30BE05B6}.Release|Any CPU.ActiveCfg = Release|Any CPU
		{2CDAB4F0-FC6E-429A-8431-783C30BE05B6}.Release|Any CPU.Build.0 = Release|Any CPU
	EndGlobalSection
	GlobalSection(SolutionProperties) = preSolution
		HideSolutionNode = FALSE
	EndGlobalSection
	GlobalSection(ExtensibilityGlobals) = postSolution
		SolutionGuid = {48982425-B81A-480E-BA1A-DBF98145A0A7}
	EndGlobalSection
EndGlobal
